
Microsoft Visual Studio Solution File, Format Version 12.00
# Visual Studio Version 16
VisualStudioVersion = 16.0.31729.503
MinimumVisualStudioVersion = 10.0.40219.1
Project("{FAE04EC0-301F-11D3-BF4B-00C04F79EFBC}") = "WinFormsApp1", "WinFormsApp1\WinFormsApp1.csproj", "{37112918-3A7F-4BA7-8F51-AE3F98C9F3D7}"
EndProject
Global
	GlobalSection(SolutionConfigurationPlatforms) = preSolution
		Debug|Any CPU = Debug|Any CPU
		Release|Any CPU = Release|Any CPU
	EndGlobalSection
	GlobalSection(ProjectConfigurationPlatforms) = postSolution
		{37112918-3A7F-4BA7-8F51-AE3F98C9F3D7}.Debug|Any CPU.ActiveCfg = Debug|Any CPU
		{37112918-3A7F-4BA7-8F51-AE3F98C9F3D7}.Debug|Any CPU.Build.0 = Debug|Any CPU
		{37112918-3A7F-4BA7-8F51-AE3F98C9F3D7}.Release|Any CPU.ActiveCfg = Release|Any CPU
		{37112918-3A7F-4BA7-8F51-AE3F98C9F3D7}.Release|Any CPU.Build.0 = Release|Any CPU
	EndGlobalSection
	GlobalSection(SolutionProperties) = preSolution
		HideSolutionNode = FALSE
	EndGlobalSection
	GlobalSection(ExtensibilityGlobals) = postSolution
		SolutionGuid = {ED9300C7-86FB-4E1B-9FB8-19291BB3C07E}
	EndGlobalSection
EndGlobal
